
Microsoft Visual Studio Solution File, Format Version 12.00
# Visual Studio Version 17
VisualStudioVersion = 17.5.002.0
MinimumVisualStudioVersion = 10.0.40219.1
Project("{2150E333-8FDC-42A3-9474-1A3956D46DE8}") = "Labfiles", "Labfiles", "{683D7C51-647E-47C3-9E82-BED1757EE723}"
EndProject
Project("{2150E333-8FDC-42A3-9474-1A3956D46DE8}") = "02-azure-openai-api", "02-azure-openai-api", "{FF88546C-3E79-495D-BDB1-BB8F588050F6}"
EndProject
Project("{9A19103F-16F7-4668-BE54-9A1E7A4F7556}") = "CSharp", "Labfiles\02-azure-openai-api\CSharp\CSharp.csproj", "{8A78AF40-55AA-4155-ADE1-4217FF86CF3C}"
EndProject
Project("{2150E333-8FDC-42A3-9474-1A3956D46DE8}") = "03-prompt-engineering", "03-prompt-engineering", "{C9867AAD-9615-4A14-93A8-0BB393A53662}"
EndProject
Project("{9A19103F-16F7-4668-BE54-9A1E7A4F7556}") = "CSharp", "Labfiles\03-prompt-engineering\CSharp\CSharp.csproj", "{D408902A-4841-4F2C-88DB-FEDD0E2432CE}"
EndProject
Project("{2150E333-8FDC-42A3-9474-1A3956D46DE8}") = "04-code-generation", "04-code-generation", "{2A36F1CF-4110-4ED8-B392-C5C36FEAFE51}"
EndProject
Project("{9A19103F-16F7-4668-BE54-9A1E7A4F7556}") = "CSharp", "Labfiles\04-code-generation\CSharp\CSharp.csproj", "{64FDC38A-0E4C-49C1-A417-79AA5FF63DA9}"
EndProject
Project("{2150E333-8FDC-42A3-9474-1A3956D46DE8}") = "05-image-generation", "05-image-generation", "{8EF82AC1-A7D8-49CF-B730-B0DF36E1B566}"
EndProject
Project("{9A19103F-16F7-4668-BE54-9A1E7A4F7556}") = "generate_image", "Labfiles\05-image-generation\CSharp\generate_image.csproj", "{B5921811-B81A-46F3-8B86-6E9280BE45AC}"
EndProject
Project("{2150E333-8FDC-42A3-9474-1A3956D46DE8}") = "06-use-own-data", "06-use-own-data", "{8AABA56A-E22C-41C5-BC3C-7F3B4F20C37F}"
EndProject
Project("{9A19103F-16F7-4668-BE54-9A1E7A4F7556}") = "CSharp", "Labfiles\06-use-own-data\CSharp\CSharp.csproj", "{D3CD83C5-5257-4701-A5DE-420F1E0D4BCC}"
EndProject
Project("{2150E333-8FDC-42A3-9474-1A3956D46DE8}") = "sample-code", "sample-code", "{F2F743AB-77C3-45A4-AF62-24930AE8A722}"
EndProject
Project("{9A19103F-16F7-4668-BE54-9A1E7A4F7556}") = "CSharp", "Labfiles\04-code-generation\sample-code\go-fish\CSharp.csproj", "{AECC2D01-1F54-431D-9817-C3404ABCC499}"
EndProject
Global
	GlobalSection(SolutionConfigurationPlatforms) = preSolution
		Debug|Any CPU = Debug|Any CPU
		Release|Any CPU = Release|Any CPU
	EndGlobalSection
	GlobalSection(ProjectConfigurationPlatforms) = postSolution
		{8A78AF40-55AA-4155-ADE1-4217FF86CF3C}.Debug|Any CPU.ActiveCfg = Debug|Any CPU
		{8A78AF40-55AA-4155-ADE1-4217FF86CF3C}.Debug|Any CPU.Build.0 = Debug|Any CPU
		{8A78AF40-55AA-4155-ADE1-4217FF86CF3C}.Release|Any CPU.ActiveCfg = Release|Any CPU
		{8A78AF40-55AA-4155-ADE1-4217FF86CF3C}.Release|Any CPU.Build.0 = Release|Any CPU
		{D408902A-4841-4F2C-88DB-FEDD0E2432CE}.Debug|Any CPU.ActiveCfg = Debug|Any CPU
		{D408902A-4841-4F2C-88DB-FEDD0E2432CE}.Debug|Any CPU.Build.0 = Debug|Any CPU
		{D408902A-4841-4F2C-88DB-FEDD0E2432CE}.Release|Any CPU.ActiveCfg = Release|Any CPU
		{D408902A-4841-4F2C-88DB-FEDD0E2432CE}.Release|Any CPU.Build.0 = Release|Any CPU
		{64FDC38A-0E4C-49C1-A417-79AA5FF63DA9}.Debug|Any CPU.ActiveCfg = Debug|Any CPU
		{64FDC38A-0E4C-49C1-A417-79AA5FF63DA9}.Debug|Any CPU.Build.0 = Debug|Any CPU
		{64FDC38A-0E4C-49C1-A417-79AA5FF63DA9}.Release|Any CPU.ActiveCfg = Release|Any CPU
		{64FDC38A-0E4C-49C1-A417-79AA5FF63DA9}.Release|Any CPU.Build.0 = Release|Any CPU
		{B5921811-B81A-46F3-8B86-6E9280BE45AC}.Debug|Any CPU.ActiveCfg = Debug|Any CPU
		{B5921811-B81A-46F3-8B86-6E9280BE45AC}.Debug|Any CPU.Build.0 = Debug|Any CPU
		{B5921811-B81A-46F3-8B86-6E9280BE45AC}.Release|Any CPU.ActiveCfg = Release|Any CPU
		{B5921811-B81A-46F3-8B86-6E9280BE45AC}.Release|Any CPU.Build.0 = Release|Any CPU
		{D3CD83C5-5257-4701-A5DE-420F1E0D4BCC}.Debug|Any CPU.ActiveCfg = Debug|Any CPU
		{D3CD83C5-5257-4701-A5DE-420F1E0D4BCC}.Debug|Any CPU.Build.0 = Debug|Any CPU
		{D3CD83C5-5257-4701-A5DE-420F1E0D4BCC}.Release|Any CPU.ActiveCfg = Release|Any CPU
		{D3CD83C5-5257-4701-A5DE-420F1E0D4BCC}.Release|Any CPU.Build.0 = Release|Any CPU
		{AECC2D01-1F54-431D-9817-C3404ABCC499}.Debug|Any CPU.ActiveCfg = Debug|Any CPU
		{AECC2D01-1F54-431D-9817-C3404ABCC499}.Debug|Any CPU.Build.0 = Debug|Any CPU
		{AECC2D01-1F54-431D-9817-C3404ABCC499}.Release|Any CPU.ActiveCfg = Release|Any CPU
		{AECC2D01-1F54-431D-9817-C3404ABCC499}.Release|Any CPU.Build.0 = Release|Any CPU
	EndGlobalSection
	GlobalSection(SolutionProperties) = preSolution
		HideSolutionNode = FALSE
	EndGlobalSection
	GlobalSection(NestedProjects) = preSolution
		{FF88546C-3E79-495D-BDB1-BB8F588050F6} = {683D7C51-647E-47C3-9E82-BED1757EE723}
		{8A78AF40-55AA-4155-ADE1-4217FF86CF3C} = {FF88546C-3E79-495D-BDB1-BB8F588050F6}
		{C9867AAD-9615-4A14-93A8-0BB393A53662} = {683D7C51-647E-47C3-9E82-BED1757EE723}
		{D408902A-4841-4F2C-88DB-FEDD0E2432CE} = {C9867AAD-9615-4A14-93A8-0BB393A53662}
		{2A36F1CF-4110-4ED8-B392-C5C36FEAFE51} = {683D7C51-647E-47C3-9E82-BED1757EE723}
		{64FDC38A-0E4C-49C1-A417-79AA5FF63DA9} = {2A36F1CF-4110-4ED8-B392-C5C36FEAFE51}
		{8EF82AC1-A7D8-49CF-B730-B0DF36E1B566} = {683D7C51-647E-47C3-9E82-BED1757EE723}
		{B5921811-B81A-46F3-8B86-6E9280BE45AC} = {8EF82AC1-A7D8-49CF-B730-B0DF36E1B566}
		{8AABA56A-E22C-41C5-BC3C-7F3B4F20C37F} = {683D7C51-647E-47C3-9E82-BED1757EE723}
		{D3CD83C5-5257-4701-A5DE-420F1E0D4BCC} = {8AABA56A-E22C-41C5-BC3C-7F3B4F20C37F}
		{F2F743AB-77C3-45A4-AF62-24930AE8A722} = {2A36F1CF-4110-4ED8-B392-C5C36FEAFE51}
		{AECC2D01-1F54-431D-9817-C3404ABCC499} = {F2F743AB-77C3-45A4-AF62-24930AE8A722}
	EndGlobalSection
	GlobalSection(ExtensibilityGlobals) = postSolution
		SolutionGuid = {F49DEC2E-AC1A-4E88-9EF9-0600AB173863}
	EndGlobalSection
EndGlobal
